
Microsoft Visual Studio Solution File, Format Version 12.00
# Visual Studio Version 17
VisualStudioVersion = 17.6.33712.159
MinimumVisualStudioVersion = 10.0.40219.1
Project("{FAE04EC0-301F-11D3-BF4B-00C04F79EFBC}") = "EF_Learning", "EF_Learning\EF_Learning.csproj", "{7E468DEE-0EFF-47A4-B924-4A263502D2F6}"
EndProject
Global
	GlobalSection(SolutionConfigurationPlatforms) = preSolution
		Debug|Any CPU = Debug|Any CPU
		Release|Any CPU = Release|Any CPU
	EndGlobalSection
	GlobalSection(ProjectConfigurationPlatforms) = postSolution
		{7E468DEE-0EFF-47A4-B924-4A263502D2F6}.Debug|Any CPU.ActiveCfg = Debug|Any CPU
		{7E468DEE-0EFF-47A4-B924-4A263502D2F6}.Debug|Any CPU.Build.0 = Debug|Any CPU
		{7E468DEE-0EFF-47A4-B924-4A263502D2F6}.Release|Any CPU.ActiveCfg = Release|Any CPU
		{7E468DEE-0EFF-47A4-B924-4A263502D2F6}.Release|Any CPU.Build.0 = Release|Any CPU
	EndGlobalSection
	GlobalSection(SolutionProperties) = preSolution
		HideSolutionNode = FALSE
	EndGlobalSection
	GlobalSection(ExtensibilityGlobals) = postSolution
		SolutionGuid = {6934CD27-9208-4A6F-BC3C-0D23E1F311E7}
	EndGlobalSection
EndGlobal
